
Microsoft Visual Studio Solution File, Format Version 12.00
# Visual Studio 15
VisualStudioVersion = 15.0.27130.2036
MinimumVisualStudioVersion = 10.0.40219.1
Project("{FAE04EC0-301F-11D3-BF4B-00C04F79EFBC}") = "program1", "program1\program1.csproj", "{C4C8ABE1-BEDB-4DD7-8F6F-CD2EAF5BC531}"
EndProject
Project("{FAE04EC0-301F-11D3-BF4B-00C04F79EFBC}") = "program2", "..\WindowsFormsApp3\program2.csproj", "{30D078FC-137E-4BD9-966D-63834A6CA9CC}"
EndProject
Global
	GlobalSection(SolutionConfigurationPlatforms) = preSolution
		Debug|Any CPU = Debug|Any CPU
		Release|Any CPU = Release|Any CPU
	EndGlobalSection
	GlobalSection(ProjectConfigurationPlatforms) = postSolution
		{C4C8ABE1-BEDB-4DD7-8F6F-CD2EAF5BC531}.Debug|Any CPU.ActiveCfg = Debug|Any CPU
		{C4C8ABE1-BEDB-4DD7-8F6F-CD2EAF5BC531}.Debug|Any CPU.Build.0 = Debug|Any CPU
		{C4C8ABE1-BEDB-4DD7-8F6F-CD2EAF5BC531}.Release|Any CPU.ActiveCfg = Release|Any CPU
		{C4C8ABE1-BEDB-4DD7-8F6F-CD2EAF5BC531}.Release|Any CPU.Build.0 = Release|Any CPU
		{30D078FC-137E-4BD9-966D-63834A6CA9CC}.Debug|Any CPU.ActiveCfg = Debug|Any CPU
		{30D078FC-137E-4BD9-966D-63834A6CA9CC}.Debug|Any CPU.Build.0 = Debug|Any CPU
		{30D078FC-137E-4BD9-966D-63834A6CA9CC}.Release|Any CPU.ActiveCfg = Release|Any CPU
		{30D078FC-137E-4BD9-966D-63834A6CA9CC}.Release|Any CPU.Build.0 = Release|Any CPU
	EndGlobalSection
	GlobalSection(SolutionProperties) = preSolution
		HideSolutionNode = FALSE
	EndGlobalSection
	GlobalSection(ExtensibilityGlobals) = postSolution
		SolutionGuid = {8AFA3EC3-F47F-42BC-96C3-98298715F3CF}
	EndGlobalSection
EndGlobal
