
Microsoft Visual Studio Solution File, Format Version 12.00
# Visual Studio 15
VisualStudioVersion = 15.0.27130.2036
MinimumVisualStudioVersion = 10.0.40219.1
Project("{FAE04EC0-301F-11D3-BF4B-00C04F79EFBC}") = "Pogram5", "WindowsFormsApp1\Pogram5.csproj", "{886A9ACD-F7A5-49FB-BFE8-04997C43A792}"
EndProject
Global
	GlobalSection(SolutionConfigurationPlatforms) = preSolution
		Debug|Any CPU = Debug|Any CPU
		Release|Any CPU = Release|Any CPU
	EndGlobalSection
	GlobalSection(ProjectConfigurationPlatforms) = postSolution
		{886A9ACD-F7A5-49FB-BFE8-04997C43A792}.Debug|Any CPU.ActiveCfg = Debug|Any CPU
		{886A9ACD-F7A5-49FB-BFE8-04997C43A792}.Debug|Any CPU.Build.0 = Debug|Any CPU
		{886A9ACD-F7A5-49FB-BFE8-04997C43A792}.Release|Any CPU.ActiveCfg = Release|Any CPU
		{886A9ACD-F7A5-49FB-BFE8-04997C43A792}.Release|Any CPU.Build.0 = Release|Any CPU
	EndGlobalSection
	GlobalSection(SolutionProperties) = preSolution
		HideSolutionNode = FALSE
	EndGlobalSection
	GlobalSection(ExtensibilityGlobals) = postSolution
		SolutionGuid = {67725CEF-1878-4970-9857-B6DCAE10F61C}
	EndGlobalSection
EndGlobal
