
Microsoft Visual Studio Solution File, Format Version 12.00
# Visual Studio 15
VisualStudioVersion = 15.0.27130.2036
MinimumVisualStudioVersion = 10.0.40219.1
Project("{FAE04EC0-301F-11D3-BF4B-00C04F79EFBC}") = "databinding", "databinding\databinding.csproj", "{A613ACAE-0724-499A-B2DD-1AC5B6AD50C5}"
EndProject
Project("{FAE04EC0-301F-11D3-BF4B-00C04F79EFBC}") = "lasthomework", "..\homework6\program1\lasthomework.csproj", "{94131E9C-7487-493F-8152-9B1846402722}"
EndProject
Global
	GlobalSection(SolutionConfigurationPlatforms) = preSolution
		Debug|Any CPU = Debug|Any CPU
		Release|Any CPU = Release|Any CPU
	EndGlobalSection
	GlobalSection(ProjectConfigurationPlatforms) = postSolution
		{A613ACAE-0724-499A-B2DD-1AC5B6AD50C5}.Debug|Any CPU.ActiveCfg = Debug|Any CPU
		{A613ACAE-0724-499A-B2DD-1AC5B6AD50C5}.Debug|Any CPU.Build.0 = Debug|Any CPU
		{A613ACAE-0724-499A-B2DD-1AC5B6AD50C5}.Release|Any CPU.ActiveCfg = Release|Any CPU
		{A613ACAE-0724-499A-B2DD-1AC5B6AD50C5}.Release|Any CPU.Build.0 = Release|Any CPU
		{94131E9C-7487-493F-8152-9B1846402722}.Debug|Any CPU.ActiveCfg = Debug|Any CPU
		{94131E9C-7487-493F-8152-9B1846402722}.Debug|Any CPU.Build.0 = Debug|Any CPU
		{94131E9C-7487-493F-8152-9B1846402722}.Release|Any CPU.ActiveCfg = Release|Any CPU
		{94131E9C-7487-493F-8152-9B1846402722}.Release|Any CPU.Build.0 = Release|Any CPU
	EndGlobalSection
	GlobalSection(SolutionProperties) = preSolution
		HideSolutionNode = FALSE
	EndGlobalSection
	GlobalSection(ExtensibilityGlobals) = postSolution
		SolutionGuid = {6BCF3805-6798-4288-9805-FE5B050BED10}
	EndGlobalSection
EndGlobal
