
Microsoft Visual Studio Solution File, Format Version 12.00
# Visual Studio 15
VisualStudioVersion = 15.0.27130.2036
MinimumVisualStudioVersion = 10.0.40219.1
Project("{FAE04EC0-301F-11D3-BF4B-00C04F79EFBC}") = "homework4", "homework4\homework4.csproj", "{B7DE1F2E-EE39-4718-B077-DB58C6EC36C0}"
EndProject
Project("{FAE04EC0-301F-11D3-BF4B-00C04F79EFBC}") = "program2", "program2\program2.csproj", "{47715BCF-3BDA-454D-A39E-40F9092A42D2}"
EndProject
Global
	GlobalSection(SolutionConfigurationPlatforms) = preSolution
		Debug|Any CPU = Debug|Any CPU
		Release|Any CPU = Release|Any CPU
	EndGlobalSection
	GlobalSection(ProjectConfigurationPlatforms) = postSolution
		{B7DE1F2E-EE39-4718-B077-DB58C6EC36C0}.Debug|Any CPU.ActiveCfg = Debug|Any CPU
		{B7DE1F2E-EE39-4718-B077-DB58C6EC36C0}.Debug|Any CPU.Build.0 = Debug|Any CPU
		{B7DE1F2E-EE39-4718-B077-DB58C6EC36C0}.Release|Any CPU.ActiveCfg = Release|Any CPU
		{B7DE1F2E-EE39-4718-B077-DB58C6EC36C0}.Release|Any CPU.Build.0 = Release|Any CPU
		{47715BCF-3BDA-454D-A39E-40F9092A42D2}.Debug|Any CPU.ActiveCfg = Debug|Any CPU
		{47715BCF-3BDA-454D-A39E-40F9092A42D2}.Debug|Any CPU.Build.0 = Debug|Any CPU
		{47715BCF-3BDA-454D-A39E-40F9092A42D2}.Release|Any CPU.ActiveCfg = Release|Any CPU
		{47715BCF-3BDA-454D-A39E-40F9092A42D2}.Release|Any CPU.Build.0 = Release|Any CPU
	EndGlobalSection
	GlobalSection(SolutionProperties) = preSolution
		HideSolutionNode = FALSE
	EndGlobalSection
	GlobalSection(ExtensibilityGlobals) = postSolution
		SolutionGuid = {3205155D-5D98-4A2B-AA08-8E87BBA6AA82}
	EndGlobalSection
EndGlobal
